
Microsoft Visual Studio Solution File, Format Version 12.00
# Visual Studio 14
VisualStudioVersion = 14.0.25123.0
MinimumVisualStudioVersion = 10.0.40219.1
Project("{FAE04EC0-301F-11D3-BF4B-00C04F79EFBC}") = "CompanyService", "CompanyService\CompanyService.csproj", "{6A9E0D22-8A41-4FD8-904E-78170280361E}"
EndProject
Project("{FAE04EC0-301F-11D3-BF4B-00C04F79EFBC}") = "CompanyServiceHost", "CompanyServiceHost\CompanyServiceHost.csproj", "{18D79FA2-48A4-4DC6-A69B-8A4BF25AE689}"
EndProject
Project("{FAE04EC0-301F-11D3-BF4B-00C04F79EFBC}") = "CompanyServiceConsoleUser", "CompanyServiceConsoleUser\CompanyServiceConsoleUser.csproj", "{688A0DEC-0C42-4FCD-8DBF-428095245978}"
EndProject
Global
	GlobalSection(SolutionConfigurationPlatforms) = preSolution
		Debug|Any CPU = Debug|Any CPU
		Release|Any CPU = Release|Any CPU
	EndGlobalSection
	GlobalSection(ProjectConfigurationPlatforms) = postSolution
		{6A9E0D22-8A41-4FD8-904E-78170280361E}.Debug|Any CPU.ActiveCfg = Debug|Any CPU
		{6A9E0D22-8A41-4FD8-904E-78170280361E}.Debug|Any CPU.Build.0 = Debug|Any CPU
		{6A9E0D22-8A41-4FD8-904E-78170280361E}.Release|Any CPU.ActiveCfg = Release|Any CPU
		{6A9E0D22-8A41-4FD8-904E-78170280361E}.Release|Any CPU.Build.0 = Release|Any CPU
		{18D79FA2-48A4-4DC6-A69B-8A4BF25AE689}.Debug|Any CPU.ActiveCfg = Debug|Any CPU
		{18D79FA2-48A4-4DC6-A69B-8A4BF25AE689}.Debug|Any CPU.Build.0 = Debug|Any CPU
		{18D79FA2-48A4-4DC6-A69B-8A4BF25AE689}.Release|Any CPU.ActiveCfg = Release|Any CPU
		{18D79FA2-48A4-4DC6-A69B-8A4BF25AE689}.Release|Any CPU.Build.0 = Release|Any CPU
		{688A0DEC-0C42-4FCD-8DBF-428095245978}.Debug|Any CPU.ActiveCfg = Debug|Any CPU
		{688A0DEC-0C42-4FCD-8DBF-428095245978}.Debug|Any CPU.Build.0 = Debug|Any CPU
		{688A0DEC-0C42-4FCD-8DBF-428095245978}.Release|Any CPU.ActiveCfg = Release|Any CPU
		{688A0DEC-0C42-4FCD-8DBF-428095245978}.Release|Any CPU.Build.0 = Release|Any CPU
	EndGlobalSection
	GlobalSection(SolutionProperties) = preSolution
		HideSolutionNode = FALSE
	EndGlobalSection
EndGlobal
